
Microsoft Visual Studio Solution File, Format Version 12.00
# Visual Studio Version 16
VisualStudioVersion = 16.0.30225.117
MinimumVisualStudioVersion = 10.0.40219.1
Project("{FAE04EC0-301F-11D3-BF4B-00C04F79EFBC}") = "EX2A_CalculatingAverages", "EX2A_CalculatingAverages.csproj", "{FF682C61-FBF8-451E-9EE1-E5560C02918E}"
EndProject
Global
	GlobalSection(SolutionConfigurationPlatforms) = preSolution
		Debug|Any CPU = Debug|Any CPU
		Release|Any CPU = Release|Any CPU
	EndGlobalSection
	GlobalSection(ProjectConfigurationPlatforms) = postSolution
		{FF682C61-FBF8-451E-9EE1-E5560C02918E}.Debug|Any CPU.ActiveCfg = Debug|Any CPU
		{FF682C61-FBF8-451E-9EE1-E5560C02918E}.Debug|Any CPU.Build.0 = Debug|Any CPU
		{FF682C61-FBF8-451E-9EE1-E5560C02918E}.Release|Any CPU.ActiveCfg = Release|Any CPU
		{FF682C61-FBF8-451E-9EE1-E5560C02918E}.Release|Any CPU.Build.0 = Release|Any CPU
	EndGlobalSection
	GlobalSection(SolutionProperties) = preSolution
		HideSolutionNode = FALSE
	EndGlobalSection
	GlobalSection(ExtensibilityGlobals) = postSolution
		SolutionGuid = {FA7CC1E5-D61C-46A9-815B-2CCD2752A141}
	EndGlobalSection
EndGlobal
